version = 1
revision = 3
requires-python = "==3.8.*"

[[package]]
name = "certifi"
version = "2025.8.3"
source = { registry = "https://pypi.org/simple" }
sdist = { url = "https://files.pythonhosted.org/packages/dc/67/960ebe6bf230a96cda2e0abcf73af550ec4f090005363542f0765df162e0/certifi-2025.8.3.tar.gz", hash = "sha256:e564105f78ded564e3ae7c923924435e1daa7463faeab5bb932bc53ffae63407", size = 162386, upload-time = "2025-08-03T03:07:47.08Z" }
wheels = [
    { url = "https://files.pythonhosted.org/packages/e5/48/1549795ba7742c948d2ad169c1c8cdbae65bc450d6cd753d124b17c8cd32/certifi-2025.8.3-py3-none-any.whl", hash = "sha256:f6c12493cfb1b06ba2ff328595af9350c65d6644968e5d3a2ffd78699af217a5", size = 161216, upload-time = "2025-08-03T03:07:45.777Z" },
]

[[package]]
name = "chardet"
version = "4.0.0"
source = { registry = "https://pypi.org/simple" }
sdist = { url = "https://files.pythonhosted.org/packages/ee/2d/9cdc2b527e127b4c9db64b86647d567985940ac3698eeabc7ffaccb4ea61/chardet-4.0.0.tar.gz", hash = "sha256:0d6f53a15db4120f2b08c94f11e7d93d2c911ee118b6b30a04ec3ee8310179fa", size = 1907771, upload-time = "2020-12-10T19:35:33.971Z" }
wheels = [
    { url = "https://files.pythonhosted.org/packages/19/c7/fa589626997dd07bd87d9269342ccb74b1720384a4d739a1872bd84fbe68/chardet-4.0.0-py2.py3-none-any.whl", hash = "sha256:f864054d66fd9118f2e67044ac8981a54775ec5b67aed0441892edb553d21da5", size = 178743, upload-time = "2020-12-10T19:35:32.469Z" },
]

[[package]]
name = "django"
version = "1.11.29"
source = { registry = "https://pypi.org/simple" }
dependencies = [
    { name = "pytz" },
]
sdist = { url = "https://files.pythonhosted.org/packages/68/ab/2278a4a9404fac661be1be9627f11336613149e07fc4df0b6e929cc9f300/Django-1.11.29.tar.gz", hash = "sha256:4200aefb6678019a0acf0005cd14cfce3a5e6b9b90d06145fcdd2e474ad4329c", size = 7977916, upload-time = "2020-03-04T09:32:02.383Z" }
wheels = [
    { url = "https://files.pythonhosted.org/packages/49/49/178daa8725d29c475216259eb19e90b2aa0b8c0431af8c7e9b490ae6481d/Django-1.11.29-py2.py3-none-any.whl", hash = "sha256:014e3392058d94f40569206a24523ce254d55ad2f9f46c6550b0fe2e4f94cf3f", size = 6949937, upload-time = "2020-03-04T09:31:46.566Z" },
]

[[package]]
name = "idna"
version = "2.10"
source = { registry = "https://pypi.org/simple" }
sdist = { url = "https://files.pythonhosted.org/packages/ea/b7/e0e3c1c467636186c39925827be42f16fee389dc404ac29e930e9136be70/idna-2.10.tar.gz", hash = "sha256:b307872f855b18632ce0c21c5e45be78c0ea7ae4c15c828c20788b26921eb3f6", size = 175616, upload-time = "2020-06-27T23:45:05.21Z" }
wheels = [
    { url = "https://files.pythonhosted.org/packages/a2/38/928ddce2273eaa564f6f50de919327bf3a00f091b5baba8dfa9460f3a8a8/idna-2.10-py2.py3-none-any.whl", hash = "sha256:b97d804b1e9b523befed77c48dacec60e6dcb0b5391d57af6a65a312a90648c0", size = 58811, upload-time = "2020-06-27T23:45:03.457Z" },
]

[[package]]
name = "lxml"
version = "4.4.1"
source = { registry = "https://pypi.org/simple" }
sdist = { url = "https://files.pythonhosted.org/packages/c4/43/3f1e7d742e2a7925be180b6af5e0f67d38de2f37560365ac1a0b9a04c015/lxml-4.4.1.tar.gz", hash = "sha256:c81cb40bff373ab7a7446d6bbca0190bccc5be3448b47b51d729e37799bb5692", size = 4532114, upload-time = "2019-08-11T09:42:47.027Z" }
wheels = [
    { url = "https://files.pythonhosted.org/packages/ad/c5/3203d57bcb6c753d4c50282a0fb2e3e9d396a97c1f92558fb7504c28608d/lxml-4.4.1-cp38-cp38-manylinux1_i686.whl", hash = "sha256:ae88588d687bd476be588010cbbe551e9c2872b816f2da8f01f6f1fda74e1ef0", size = 5352478, upload-time = "2019-10-27T17:34:27.736Z" },
    { url = "https://files.pythonhosted.org/packages/3f/b8/a50adb8c49a393c08c08bd7162e54bd064eece9eb0ec1ed2ef88f3c4132a/lxml-4.4.1-cp38-cp38-manylinux1_x86_64.whl", hash = "sha256:1409b14bf83a7d729f92e2a7fbfe7ec929d4883ca071b06e95c539ceedb6497c", size = 5646951, upload-time = "2019-10-27T17:35:20.903Z" },
    { url = "https://files.pythonhosted.org/packages/62/96/5488d476c7dc2acab4f91e50e541b65bf660045fdfb62c8574114dfd9b22/lxml-4.4.1-cp38-cp38-win32.whl", hash = "sha256:c7fccd08b14aa437fe096c71c645c0f9be0655a9b1a4b7cffc77bcb23b3d61d2", size = 3325813, upload-time = "2019-10-27T17:55:42.893Z" },
    { url = "https://files.pythonhosted.org/packages/32/b0/0789ab7849fc55443eb6c87d866b10fb211d3c65c4cbc597bcf5d967a9a9/lxml-4.4.1-cp38-cp38-win_amd64.whl", hash = "sha256:9277562f175d2334744ad297568677056861070399cec56ff06abbe2564d1232", size = 3715179, upload-time = "2019-10-27T17:56:18.799Z" },
]

[[package]]
name = "mysqlclient"
version = "1.4.6"
source = { registry = "https://pypi.org/simple" }
sdist = { url = "https://files.pythonhosted.org/packages/d0/97/7326248ac8d5049968bf4ec708a5d3d4806e412a42e74160d7f266a3e03a/mysqlclient-1.4.6.tar.gz", hash = "sha256:f3fdaa9a38752a3b214a6fe79d7cae3653731a53e577821f9187e67cbecb2e16", size = 85517, upload-time = "2019-11-21T12:37:28.548Z" }
wheels = [
    { url = "https://files.pythonhosted.org/packages/a8/c4/2c4befb6f78f7b05ad4b1ea725a878738c7908285730838c5e6925eabf89/mysqlclient-1.4.6-cp38-cp38-win_amd64.whl", hash = "sha256:f646f8d17d02be0872291f258cce3813497bc7888cd4712a577fd1e719b2f213", size = 263109, upload-time = "2019-11-21T12:37:59.723Z" },
]

[[package]]
name = "pytz"
version = "2025.2"
source = { registry = "https://pypi.org/simple" }
sdist = { url = "https://files.pythonhosted.org/packages/f8/bf/abbd3cdfb8fbc7fb3d4d38d320f2441b1e7cbe29be4f23797b4a2b5d8aac/pytz-2025.2.tar.gz", hash = "sha256:360b9e3dbb49a209c21ad61809c7fb453643e048b38924c765813546746e81c3", size = 320884, upload-time = "2025-03-25T02:25:00.538Z" }
wheels = [
    { url = "https://files.pythonhosted.org/packages/81/c4/34e93fe5f5429d7570ec1fa436f1986fb1f00c3e0f43a589fe2bbcd22c3f/pytz-2025.2-py2.py3-none-any.whl", hash = "sha256:5ddf76296dd8c44c26eb8f4b6f35488f3ccbf6fbbd7adee0b7262d43f0ec2f00", size = 509225, upload-time = "2025-03-25T02:24:58.468Z" },
]

[[package]]
name = "requests"
version = "2.25.1"
source = { registry = "https://pypi.org/simple" }
dependencies = [
    { name = "certifi" },
    { name = "chardet" },
    { name = "idna" },
    { name = "urllib3" },
]
sdist = { url = "https://files.pythonhosted.org/packages/6b/47/c14abc08432ab22dc18b9892252efaf005ab44066de871e72a38d6af464b/requests-2.25.1.tar.gz", hash = "sha256:27973dd4a904a4f13b263a19c866c13b92a39ed1c964655f025f3f8d3d75b804", size = 102161, upload-time = "2020-12-16T19:38:36.779Z" }
wheels = [
    { url = "https://files.pythonhosted.org/packages/29/c1/24814557f1d22c56d50280771a17307e6bf87b70727d975fd6b2ce6b014a/requests-2.25.1-py2.py3-none-any.whl", hash = "sha256:c210084e36a42ae6b9219e00e48287def368a26d03a048ddad7bfee44f75871e", size = 61216, upload-time = "2020-12-16T19:38:34.329Z" },
]

[[package]]
name = "shellvars-py"
version = "0.2"
source = { git = "https://github.com/birkin/shellvars-py.git#a9208f837c819fec6291b6e2b36aae6d6fb2c59d" }

[[package]]
name = "urllib3"
version = "1.26.20"
source = { registry = "https://pypi.org/simple" }
sdist = { url = "https://files.pythonhosted.org/packages/e4/e8/6ff5e6bc22095cfc59b6ea711b687e2b7ed4bdb373f7eeec370a97d7392f/urllib3-1.26.20.tar.gz", hash = "sha256:40c2dc0c681e47eb8f90e7e27bf6ff7df2e677421fd46756da1161c39ca70d32", size = 307380, upload-time = "2024-08-29T15:43:11.37Z" }
wheels = [
    { url = "https://files.pythonhosted.org/packages/33/cf/8435d5a7159e2a9c83a95896ed596f68cf798005fe107cc655b5c5c14704/urllib3-1.26.20-py2.py3-none-any.whl", hash = "sha256:0ed14ccfbf1c30a9072c7ca157e4319b70d65f623e91e7b32fadb2853431016e", size = 144225, upload-time = "2024-08-29T15:43:08.921Z" },
]

[[package]]
name = "usep-web-project"
version = "0.0.0"
source = { virtual = "." }
dependencies = [
    { name = "django" },
    { name = "lxml" },
    { name = "requests" },
    { name = "shellvars-py" },
]

[package.dev-dependencies]
prod = [
    { name = "mysqlclient" },
]
staging = [
    { name = "mysqlclient" },
]

[package.metadata]
requires-dist = [
    { name = "django", specifier = "==1.11.29" },
    { name = "lxml", specifier = "==4.4.1" },
    { name = "requests", specifier = "==2.25.1" },
    { name = "shellvars-py", git = "https://github.com/birkin/shellvars-py.git" },
]

[package.metadata.requires-dev]
local = []
prod = [{ name = "mysqlclient", specifier = "==1.4.6" }]
staging = [{ name = "mysqlclient", specifier = "==1.4.6" }]
