version = 1
revision = 3
requires-python = "==3.8.*"

[[package]]
name = "asgiref"
version = "3.8.1"
source = { registry = "https://pypi.org/simple" }
dependencies = [
    { name = "typing-extensions" },
]
sdist = { url = "https://files.pythonhosted.org/packages/29/38/b3395cc9ad1b56d2ddac9970bc8f4141312dbaec28bc7c218b0dfafd0f42/asgiref-3.8.1.tar.gz", hash = "sha256:c343bd80a0bec947a9860adb4c432ffa7db769836c64238fc34bdc3fec84d590", size = 35186, upload-time = "2024-03-22T14:39:36.863Z" }
wheels = [
    { url = "https://files.pythonhosted.org/packages/39/e3/893e8757be2612e6c266d9bb58ad2e3651524b5b40cf56761e985a28b13e/asgiref-3.8.1-py3-none-any.whl", hash = "sha256:3e1e3ecc849832fe52ccf2cb6686b7a55f82bb1d6aee72a58826471390335e47", size = 23828, upload-time = "2024-03-22T14:39:34.521Z" },
]

[[package]]
name = "backports-zoneinfo"
version = "0.2.1"
source = { registry = "https://pypi.org/simple" }
sdist = { url = "https://files.pythonhosted.org/packages/ad/85/475e514c3140937cf435954f78dedea1861aeab7662d11de232bdaa90655/backports.zoneinfo-0.2.1.tar.gz", hash = "sha256:fadbfe37f74051d024037f223b8e001611eac868b5c5b06144ef4d8b799862f2", size = 74098, upload-time = "2020-06-23T13:51:22.041Z" }
wheels = [
    { url = "https://files.pythonhosted.org/packages/4a/6d/eca004eeadcbf8bd64cc96feb9e355536147f0577420b44d80c7cac70767/backports.zoneinfo-0.2.1-cp38-cp38-macosx_10_14_x86_64.whl", hash = "sha256:8961c0f32cd0336fb8e8ead11a1f8cd99ec07145ec2931122faaac1c8f7fd987", size = 35816, upload-time = "2020-06-23T13:51:21.244Z" },
    { url = "https://files.pythonhosted.org/packages/c1/8f/9b1b920a6a95652463143943fa3b8c000cb0b932ab463764a6f2a2416560/backports.zoneinfo-0.2.1-cp38-cp38-manylinux1_i686.whl", hash = "sha256:e81b76cace8eda1fca50e345242ba977f9be6ae3945af8d46326d776b4cf78d1", size = 72147, upload-time = "2020-06-23T13:51:17.562Z" },
    { url = "https://files.pythonhosted.org/packages/1a/ab/3e941e3fcf1b7d3ab3d0233194d99d6a0ed6b24f8f956fc81e47edc8c079/backports.zoneinfo-0.2.1-cp38-cp38-manylinux1_x86_64.whl", hash = "sha256:7b0a64cda4145548fed9efc10322770f929b944ce5cee6c0dfe0c87bf4c0c8c9", size = 74033, upload-time = "2020-06-23T13:51:14.592Z" },
    { url = "https://files.pythonhosted.org/packages/c0/34/5fdb0a3a28841d215c255be8fc60b8666257bb6632193c86fd04b63d4a31/backports.zoneinfo-0.2.1-cp38-cp38-win32.whl", hash = "sha256:1b13e654a55cd45672cb54ed12148cd33628f672548f373963b0bff67b217328", size = 36803, upload-time = "2020-06-23T13:51:07.517Z" },
    { url = "https://files.pythonhosted.org/packages/78/cc/e27fd6493bbce8dbea7e6c1bc861fe3d3bc22c4f7c81f4c3befb8ff5bfaf/backports.zoneinfo-0.2.1-cp38-cp38-win_amd64.whl", hash = "sha256:4a0f800587060bf8880f954dbef70de6c11bbe59c673c3d818921f042f9954a6", size = 38967, upload-time = "2020-06-23T13:51:13.735Z" },
]

[[package]]
name = "certifi"
version = "2025.8.3"
source = { registry = "https://pypi.org/simple" }
sdist = { url = "https://files.pythonhosted.org/packages/dc/67/960ebe6bf230a96cda2e0abcf73af550ec4f090005363542f0765df162e0/certifi-2025.8.3.tar.gz", hash = "sha256:e564105f78ded564e3ae7c923924435e1daa7463faeab5bb932bc53ffae63407", size = 162386, upload-time = "2025-08-03T03:07:47.08Z" }
wheels = [
    { url = "https://files.pythonhosted.org/packages/e5/48/1549795ba7742c948d2ad169c1c8cdbae65bc450d6cd753d124b17c8cd32/certifi-2025.8.3-py3-none-any.whl", hash = "sha256:f6c12493cfb1b06ba2ff328595af9350c65d6644968e5d3a2ffd78699af217a5", size = 161216, upload-time = "2025-08-03T03:07:45.777Z" },
]

[[package]]
name = "chardet"
version = "4.0.0"
source = { registry = "https://pypi.org/simple" }
sdist = { url = "https://files.pythonhosted.org/packages/ee/2d/9cdc2b527e127b4c9db64b86647d567985940ac3698eeabc7ffaccb4ea61/chardet-4.0.0.tar.gz", hash = "sha256:0d6f53a15db4120f2b08c94f11e7d93d2c911ee118b6b30a04ec3ee8310179fa", size = 1907771, upload-time = "2020-12-10T19:35:33.971Z" }
wheels = [
    { url = "https://files.pythonhosted.org/packages/19/c7/fa589626997dd07bd87d9269342ccb74b1720384a4d739a1872bd84fbe68/chardet-4.0.0-py2.py3-none-any.whl", hash = "sha256:f864054d66fd9118f2e67044ac8981a54775ec5b67aed0441892edb553d21da5", size = 178743, upload-time = "2020-12-10T19:35:32.469Z" },
]

[[package]]
name = "django"
version = "4.2.24"
source = { registry = "https://pypi.org/simple" }
dependencies = [
    { name = "asgiref" },
    { name = "backports-zoneinfo" },
    { name = "sqlparse" },
    { name = "tzdata", marker = "sys_platform == 'win32'" },
]
sdist = { url = "https://files.pythonhosted.org/packages/ca/1a/3b7d8722a4c605078808b9839a6cf207f7aa763655bcf165fa219bedb39e/django-4.2.24.tar.gz", hash = "sha256:40cd7d3f53bc6cd1902eadce23c337e97200888df41e4a73b42d682f23e71d80", size = 10452798, upload-time = "2025-09-03T13:14:05.643Z" }
wheels = [
    { url = "https://files.pythonhosted.org/packages/1a/71/1cfb7cdd51270cf7df26f4ee4df4294b06a110e04bec553301d2b2617f24/django-4.2.24-py3-none-any.whl", hash = "sha256:a6527112c58821a0dfc5ab73013f0bdd906539790a17196658e36e66af43c350", size = 7993901, upload-time = "2025-09-03T13:13:51.365Z" },
]

[[package]]
name = "idna"
version = "2.10"
source = { registry = "https://pypi.org/simple" }
sdist = { url = "https://files.pythonhosted.org/packages/ea/b7/e0e3c1c467636186c39925827be42f16fee389dc404ac29e930e9136be70/idna-2.10.tar.gz", hash = "sha256:b307872f855b18632ce0c21c5e45be78c0ea7ae4c15c828c20788b26921eb3f6", size = 175616, upload-time = "2020-06-27T23:45:05.21Z" }
wheels = [
    { url = "https://files.pythonhosted.org/packages/a2/38/928ddce2273eaa564f6f50de919327bf3a00f091b5baba8dfa9460f3a8a8/idna-2.10-py2.py3-none-any.whl", hash = "sha256:b97d804b1e9b523befed77c48dacec60e6dcb0b5391d57af6a65a312a90648c0", size = 58811, upload-time = "2020-06-27T23:45:03.457Z" },
]

[[package]]
name = "lxml"
version = "4.4.1"
source = { registry = "https://pypi.org/simple" }
sdist = { url = "https://files.pythonhosted.org/packages/c4/43/3f1e7d742e2a7925be180b6af5e0f67d38de2f37560365ac1a0b9a04c015/lxml-4.4.1.tar.gz", hash = "sha256:c81cb40bff373ab7a7446d6bbca0190bccc5be3448b47b51d729e37799bb5692", size = 4532114, upload-time = "2019-08-11T09:42:47.027Z" }
wheels = [
    { url = "https://files.pythonhosted.org/packages/ad/c5/3203d57bcb6c753d4c50282a0fb2e3e9d396a97c1f92558fb7504c28608d/lxml-4.4.1-cp38-cp38-manylinux1_i686.whl", hash = "sha256:ae88588d687bd476be588010cbbe551e9c2872b816f2da8f01f6f1fda74e1ef0", size = 5352478, upload-time = "2019-10-27T17:34:27.736Z" },
    { url = "https://files.pythonhosted.org/packages/3f/b8/a50adb8c49a393c08c08bd7162e54bd064eece9eb0ec1ed2ef88f3c4132a/lxml-4.4.1-cp38-cp38-manylinux1_x86_64.whl", hash = "sha256:1409b14bf83a7d729f92e2a7fbfe7ec929d4883ca071b06e95c539ceedb6497c", size = 5646951, upload-time = "2019-10-27T17:35:20.903Z" },
    { url = "https://files.pythonhosted.org/packages/62/96/5488d476c7dc2acab4f91e50e541b65bf660045fdfb62c8574114dfd9b22/lxml-4.4.1-cp38-cp38-win32.whl", hash = "sha256:c7fccd08b14aa437fe096c71c645c0f9be0655a9b1a4b7cffc77bcb23b3d61d2", size = 3325813, upload-time = "2019-10-27T17:55:42.893Z" },
    { url = "https://files.pythonhosted.org/packages/32/b0/0789ab7849fc55443eb6c87d866b10fb211d3c65c4cbc597bcf5d967a9a9/lxml-4.4.1-cp38-cp38-win_amd64.whl", hash = "sha256:9277562f175d2334744ad297568677056861070399cec56ff06abbe2564d1232", size = 3715179, upload-time = "2019-10-27T17:56:18.799Z" },
]

[[package]]
name = "mysqlclient"
version = "1.4.6"
source = { registry = "https://pypi.org/simple" }
sdist = { url = "https://files.pythonhosted.org/packages/d0/97/7326248ac8d5049968bf4ec708a5d3d4806e412a42e74160d7f266a3e03a/mysqlclient-1.4.6.tar.gz", hash = "sha256:f3fdaa9a38752a3b214a6fe79d7cae3653731a53e577821f9187e67cbecb2e16", size = 85517, upload-time = "2019-11-21T12:37:28.548Z" }
wheels = [
    { url = "https://files.pythonhosted.org/packages/a8/c4/2c4befb6f78f7b05ad4b1ea725a878738c7908285730838c5e6925eabf89/mysqlclient-1.4.6-cp38-cp38-win_amd64.whl", hash = "sha256:f646f8d17d02be0872291f258cce3813497bc7888cd4712a577fd1e719b2f213", size = 263109, upload-time = "2019-11-21T12:37:59.723Z" },
]

[[package]]
name = "python-dotenv"
version = "1.0.1"
source = { registry = "https://pypi.org/simple" }
sdist = { url = "https://files.pythonhosted.org/packages/bc/57/e84d88dfe0aec03b7a2d4327012c1627ab5f03652216c63d49846d7a6c58/python-dotenv-1.0.1.tar.gz", hash = "sha256:e324ee90a023d808f1959c46bcbc04446a10ced277783dc6ee09987c37ec10ca", size = 39115, upload-time = "2024-01-23T06:33:00.505Z" }
wheels = [
    { url = "https://files.pythonhosted.org/packages/6a/3e/b68c118422ec867fa7ab88444e1274aa40681c606d59ac27de5a5588f082/python_dotenv-1.0.1-py3-none-any.whl", hash = "sha256:f7b63ef50f1b690dddf550d03497b66d609393b40b564ed0d674909a68ebf16a", size = 19863, upload-time = "2024-01-23T06:32:58.246Z" },
]

[[package]]
name = "requests"
version = "2.25.1"
source = { registry = "https://pypi.org/simple" }
dependencies = [
    { name = "certifi" },
    { name = "chardet" },
    { name = "idna" },
    { name = "urllib3" },
]
sdist = { url = "https://files.pythonhosted.org/packages/6b/47/c14abc08432ab22dc18b9892252efaf005ab44066de871e72a38d6af464b/requests-2.25.1.tar.gz", hash = "sha256:27973dd4a904a4f13b263a19c866c13b92a39ed1c964655f025f3f8d3d75b804", size = 102161, upload-time = "2020-12-16T19:38:36.779Z" }
wheels = [
    { url = "https://files.pythonhosted.org/packages/29/c1/24814557f1d22c56d50280771a17307e6bf87b70727d975fd6b2ce6b014a/requests-2.25.1-py2.py3-none-any.whl", hash = "sha256:c210084e36a42ae6b9219e00e48287def368a26d03a048ddad7bfee44f75871e", size = 61216, upload-time = "2020-12-16T19:38:34.329Z" },
]

[[package]]
name = "sqlparse"
version = "0.5.3"
source = { registry = "https://pypi.org/simple" }
sdist = { url = "https://files.pythonhosted.org/packages/e5/40/edede8dd6977b0d3da179a342c198ed100dd2aba4be081861ee5911e4da4/sqlparse-0.5.3.tar.gz", hash = "sha256:09f67787f56a0b16ecdbde1bfc7f5d9c3371ca683cfeaa8e6ff60b4807ec9272", size = 84999, upload-time = "2024-12-10T12:05:30.728Z" }
wheels = [
    { url = "https://files.pythonhosted.org/packages/a9/5c/bfd6bd0bf979426d405cc6e71eceb8701b148b16c21d2dc3c261efc61c7b/sqlparse-0.5.3-py3-none-any.whl", hash = "sha256:cf2196ed3418f3ba5de6af7e82c694a9fbdbfecccdfc72e281548517081f16ca", size = 44415, upload-time = "2024-12-10T12:05:27.824Z" },
]

[[package]]
name = "typing-extensions"
version = "4.13.2"
source = { registry = "https://pypi.org/simple" }
sdist = { url = "https://files.pythonhosted.org/packages/f6/37/23083fcd6e35492953e8d2aaaa68b860eb422b34627b13f2ce3eb6106061/typing_extensions-4.13.2.tar.gz", hash = "sha256:e6c81219bd689f51865d9e372991c540bda33a0379d5573cddb9a3a23f7caaef", size = 106967, upload-time = "2025-04-10T14:19:05.416Z" }
wheels = [
    { url = "https://files.pythonhosted.org/packages/8b/54/b1ae86c0973cc6f0210b53d508ca3641fb6d0c56823f288d108bc7ab3cc8/typing_extensions-4.13.2-py3-none-any.whl", hash = "sha256:a439e7c04b49fec3e5d3e2beaa21755cadbbdc391694e28ccdd36ca4a1408f8c", size = 45806, upload-time = "2025-04-10T14:19:03.967Z" },
]

[[package]]
name = "tzdata"
version = "2025.2"
source = { registry = "https://pypi.org/simple" }
sdist = { url = "https://files.pythonhosted.org/packages/95/32/1a225d6164441be760d75c2c42e2780dc0873fe382da3e98a2e1e48361e5/tzdata-2025.2.tar.gz", hash = "sha256:b60a638fcc0daffadf82fe0f57e53d06bdec2f36c4df66280ae79bce6bd6f2b9", size = 196380, upload-time = "2025-03-23T13:54:43.652Z" }
wheels = [
    { url = "https://files.pythonhosted.org/packages/5c/23/c7abc0ca0a1526a0774eca151daeb8de62ec457e77262b66b359c3c7679e/tzdata-2025.2-py2.py3-none-any.whl", hash = "sha256:1a403fada01ff9221ca8044d701868fa132215d84beb92242d9acd2147f667a8", size = 347839, upload-time = "2025-03-23T13:54:41.845Z" },
]

[[package]]
name = "urllib3"
version = "1.26.20"
source = { registry = "https://pypi.org/simple" }
sdist = { url = "https://files.pythonhosted.org/packages/e4/e8/6ff5e6bc22095cfc59b6ea711b687e2b7ed4bdb373f7eeec370a97d7392f/urllib3-1.26.20.tar.gz", hash = "sha256:40c2dc0c681e47eb8f90e7e27bf6ff7df2e677421fd46756da1161c39ca70d32", size = 307380, upload-time = "2024-08-29T15:43:11.37Z" }
wheels = [
    { url = "https://files.pythonhosted.org/packages/33/cf/8435d5a7159e2a9c83a95896ed596f68cf798005fe107cc655b5c5c14704/urllib3-1.26.20-py2.py3-none-any.whl", hash = "sha256:0ed14ccfbf1c30a9072c7ca157e4319b70d65f623e91e7b32fadb2853431016e", size = 144225, upload-time = "2024-08-29T15:43:08.921Z" },
]

[[package]]
name = "usep-web-project"
version = "0.0.0"
source = { virtual = "." }
dependencies = [
    { name = "django" },
    { name = "lxml" },
    { name = "python-dotenv" },
    { name = "requests" },
]

[package.dev-dependencies]
prod = [
    { name = "mysqlclient" },
]
staging = [
    { name = "mysqlclient" },
]

[package.metadata]
requires-dist = [
    { name = "django", specifier = "~=4.2" },
    { name = "lxml", specifier = "==4.4.1" },
    { name = "python-dotenv", specifier = "~=1.0.0" },
    { name = "requests", specifier = "==2.25.1" },
]

[package.metadata.requires-dev]
local = []
prod = [{ name = "mysqlclient", specifier = "==1.4.6" }]
staging = [{ name = "mysqlclient", specifier = "==1.4.6" }]
